
Microsoft Visual Studio Solution File, Format Version 12.00
# Visual Studio Version 17
VisualStudioVersion = 17.7.34031.279
MinimumVisualStudioVersion = 10.0.40219.1
Project("{FAE04EC0-301F-11D3-BF4B-00C04F79EFBC}") = "practica 16", "practica 16.csproj", "{AB06BF35-1BDD-4591-A52A-A33C251F5171}"
EndProject
Global
	GlobalSection(SolutionConfigurationPlatforms) = preSolution
		Debug|Any CPU = Debug|Any CPU
		Release|Any CPU = Release|Any CPU
	EndGlobalSection
	GlobalSection(ProjectConfigurationPlatforms) = postSolution
		{AB06BF35-1BDD-4591-A52A-A33C251F5171}.Debug|Any CPU.ActiveCfg = Debug|Any CPU
		{AB06BF35-1BDD-4591-A52A-A33C251F5171}.Debug|Any CPU.Build.0 = Debug|Any CPU
		{AB06BF35-1BDD-4591-A52A-A33C251F5171}.Release|Any CPU.ActiveCfg = Release|Any CPU
		{AB06BF35-1BDD-4591-A52A-A33C251F5171}.Release|Any CPU.Build.0 = Release|Any CPU
	EndGlobalSection
	GlobalSection(SolutionProperties) = preSolution
		HideSolutionNode = FALSE
	EndGlobalSection
	GlobalSection(ExtensibilityGlobals) = postSolution
		SolutionGuid = {797FCEB2-AAEA-4490-840C-3323D95F81E6}
	EndGlobalSection
EndGlobal
