
Microsoft Visual Studio Solution File, Format Version 12.00
# Visual Studio Version 17
VisualStudioVersion = 17.14.36616.10 d17.14
MinimumVisualStudioVersion = 10.0.40219.1
Project("{FAE04EC0-301F-11D3-BF4B-00C04F79EFBC}") = "U3-1 Practica 13", "U3-1 Practica 13\U3-1 Practica 13.csproj", "{763F26C1-7A98-472E-A22B-B2DF178FD508}"
EndProject
Global
	GlobalSection(SolutionConfigurationPlatforms) = preSolution
		Debug|Any CPU = Debug|Any CPU
		Release|Any CPU = Release|Any CPU
	EndGlobalSection
	GlobalSection(ProjectConfigurationPlatforms) = postSolution
		{763F26C1-7A98-472E-A22B-B2DF178FD508}.Debug|Any CPU.ActiveCfg = Debug|Any CPU
		{763F26C1-7A98-472E-A22B-B2DF178FD508}.Debug|Any CPU.Build.0 = Debug|Any CPU
		{763F26C1-7A98-472E-A22B-B2DF178FD508}.Release|Any CPU.ActiveCfg = Release|Any CPU
		{763F26C1-7A98-472E-A22B-B2DF178FD508}.Release|Any CPU.Build.0 = Release|Any CPU
	EndGlobalSection
	GlobalSection(SolutionProperties) = preSolution
		HideSolutionNode = FALSE
	EndGlobalSection
	GlobalSection(ExtensibilityGlobals) = postSolution
		SolutionGuid = {73C533BE-C001-44DE-8E09-17F117AB733C}
	EndGlobalSection
EndGlobal
